
Microsoft Visual Studio Solution File, Format Version 12.00
# Visual Studio 15
VisualStudioVersion = 15.0.28307.329
MinimumVisualStudioVersion = 10.0.40219.1
Project("{9A19103F-16F7-4668-BE54-9A1E7A4F7556}") = "Boilerplate.Api", "Boilerplate.Api\Boilerplate.Api.csproj", "{8B2CA615-8F11-4FF5-8284-D29BC8327ED3}"
EndProject
Project("{9A19103F-16F7-4668-BE54-9A1E7A4F7556}") = "Boilerplate.Models", "Boilerplate.Models\Boilerplate.Models.csproj", "{6848E3E3-2CB5-4858-8612-28F18BDDB93D}"
EndProject
Project("{9A19103F-16F7-4668-BE54-9A1E7A4F7556}") = "Boilerplate.DAL", "Boilerplate.DAL\Boilerplate.DAL.csproj", "{D77E71AE-2B56-4E93-8F23-D061711892F4}"
EndProject
Project("{9A19103F-16F7-4668-BE54-9A1E7A4F7556}") = "Boilerplate.Services", "Boilerplate.Services\Boilerplate.Services.csproj", "{3E99822B-E06A-4F3F-BCE7-67B4286F04D8}"
EndProject
Project("{9A19103F-16F7-4668-BE54-9A1E7A4F7556}") = "Boilerplate.Tests", "Boilerplate.Tests\Boilerplate.Tests.csproj", "{F74366B8-CF70-4AAA-B284-8232EC1B3F43}"
EndProject
Global
	GlobalSection(SolutionConfigurationPlatforms) = preSolution
		Debug|Any CPU = Debug|Any CPU
		Release|Any CPU = Release|Any CPU
	EndGlobalSection
	GlobalSection(ProjectConfigurationPlatforms) = postSolution
		{8B2CA615-8F11-4FF5-8284-D29BC8327ED3}.Debug|Any CPU.ActiveCfg = Debug|Any CPU
		{8B2CA615-8F11-4FF5-8284-D29BC8327ED3}.Debug|Any CPU.Build.0 = Debug|Any CPU
		{8B2CA615-8F11-4FF5-8284-D29BC8327ED3}.Release|Any CPU.ActiveCfg = Release|Any CPU
		{8B2CA615-8F11-4FF5-8284-D29BC8327ED3}.Release|Any CPU.Build.0 = Release|Any CPU
		{6848E3E3-2CB5-4858-8612-28F18BDDB93D}.Debug|Any CPU.ActiveCfg = Debug|Any CPU
		{6848E3E3-2CB5-4858-8612-28F18BDDB93D}.Debug|Any CPU.Build.0 = Debug|Any CPU
		{6848E3E3-2CB5-4858-8612-28F18BDDB93D}.Release|Any CPU.ActiveCfg = Release|Any CPU
		{6848E3E3-2CB5-4858-8612-28F18BDDB93D}.Release|Any CPU.Build.0 = Release|Any CPU
		{D77E71AE-2B56-4E93-8F23-D061711892F4}.Debug|Any CPU.ActiveCfg = Debug|Any CPU
		{D77E71AE-2B56-4E93-8F23-D061711892F4}.Debug|Any CPU.Build.0 = Debug|Any CPU
		{D77E71AE-2B56-4E93-8F23-D061711892F4}.Release|Any CPU.ActiveCfg = Release|Any CPU
		{D77E71AE-2B56-4E93-8F23-D061711892F4}.Release|Any CPU.Build.0 = Release|Any CPU
		{3E99822B-E06A-4F3F-BCE7-67B4286F04D8}.Debug|Any CPU.ActiveCfg = Debug|Any CPU
		{3E99822B-E06A-4F3F-BCE7-67B4286F04D8}.Debug|Any CPU.Build.0 = Debug|Any CPU
		{3E99822B-E06A-4F3F-BCE7-67B4286F04D8}.Release|Any CPU.ActiveCfg = Release|Any CPU
		{3E99822B-E06A-4F3F-BCE7-67B4286F04D8}.Release|Any CPU.Build.0 = Release|Any CPU
		{F74366B8-CF70-4AAA-B284-8232EC1B3F43}.Debug|Any CPU.ActiveCfg = Debug|Any CPU
		{F74366B8-CF70-4AAA-B284-8232EC1B3F43}.Debug|Any CPU.Build.0 = Debug|Any CPU
		{F74366B8-CF70-4AAA-B284-8232EC1B3F43}.Release|Any CPU.ActiveCfg = Release|Any CPU
		{F74366B8-CF70-4AAA-B284-8232EC1B3F43}.Release|Any CPU.Build.0 = Release|Any CPU
	EndGlobalSection
	GlobalSection(SolutionProperties) = preSolution
		HideSolutionNode = FALSE
	EndGlobalSection
	GlobalSection(ExtensibilityGlobals) = postSolution
		SolutionGuid = {F239D0E1-396F-42FF-AE9D-322B49EC2ECC}
	EndGlobalSection
EndGlobal
